
Microsoft Visual Studio Solution File, Format Version 12.00
# Visual Studio Version 17
VisualStudioVersion = 17.9.34728.123
MinimumVisualStudioVersion = 10.0.40219.1
Project("{FAE04EC0-301F-11D3-BF4B-00C04F79EFBC}") = "Backend", "Backend\Backend.csproj", "{E200D71D-1BB9-44DF-AC6A-A8BE8A0390F5}"
EndProject
Global
	GlobalSection(SolutionConfigurationPlatforms) = preSolution
		Debug|Any CPU = Debug|Any CPU
		Release|Any CPU = Release|Any CPU
	EndGlobalSection
	GlobalSection(ProjectConfigurationPlatforms) = postSolution
		{E200D71D-1BB9-44DF-AC6A-A8BE8A0390F5}.Debug|Any CPU.ActiveCfg = Debug|Any CPU
		{E200D71D-1BB9-44DF-AC6A-A8BE8A0390F5}.Debug|Any CPU.Build.0 = Debug|Any CPU
		{E200D71D-1BB9-44DF-AC6A-A8BE8A0390F5}.Release|Any CPU.ActiveCfg = Release|Any CPU
		{E200D71D-1BB9-44DF-AC6A-A8BE8A0390F5}.Release|Any CPU.Build.0 = Release|Any CPU
	EndGlobalSection
	GlobalSection(SolutionProperties) = preSolution
		HideSolutionNode = FALSE
	EndGlobalSection
	GlobalSection(ExtensibilityGlobals) = postSolution
		SolutionGuid = {6705004F-63C2-48E4-BB8D-83FA34022250}
	EndGlobalSection
EndGlobal
